// !$*UTF8*$!
{
	archiveVersion = 1;
	classes = {
	};
	objectVersion = 56;
	objects = {

/* Begin PBXBuildFile section */
		478AEA442BF2071400EE61B1 /* best_dish_appApp.swift in Sources */ = {isa = PBXBuildFile; fileRef = 478AEA432BF2071400EE61B1 /* best_dish_appApp.swift */; };
		478AEA482BF2071700EE61B1 /* Assets.xcassets in Resources */ = {isa = PBXBuildFile; fileRef = 478AEA472BF2071700EE61B1 /* Assets.xcassets */; };
		478AEA4B2BF2071700EE61B1 /* Preview Assets.xcassets in Resources */ = {isa = PBXBuildFile; fileRef = 478AEA4A2BF2071700EE61B1 /* Preview Assets.xcassets */; };
		478AEA552BF2071800EE61B1 /* best_dish_appTests.swift in Sources */ = {isa = PBXBuildFile; fileRef = 478AEA542BF2071800EE61B1 /* best_dish_appTests.swift */; };
		478AEA5F2BF2071800EE61B1 /* best_dish_appUITests.swift in Sources */ = {isa = PBXBuildFile; fileRef = 478AEA5E2BF2071800EE61B1 /* best_dish_appUITests.swift */; };
		478AEA612BF2071800EE61B1 /* best_dish_appUITestsLaunchTests.swift in Sources */ = {isa = PBXBuildFile; fileRef = 478AEA602BF2071800EE61B1 /* best_dish_appUITestsLaunchTests.swift */; };
		478AEA6E2BF2073200EE61B1 /* CameraView.swift in Sources */ = {isa = PBXBuildFile; fileRef = 478AEA6D2BF2073200EE61B1 /* CameraView.swift */; };
		478AEA722BF207B700EE61B1 /* NearbyDishesView.swift in Sources */ = {isa = PBXBuildFile; fileRef = 478AEA712BF207B700EE61B1 /* NearbyDishesView.swift */; };
		478AEA742BF20B7400EE61B1 /* CameraPreview.swift in Sources */ = {isa = PBXBuildFile; fileRef = 478AEA732BF20B7400EE61B1 /* CameraPreview.swift */; };
		478AEA762BF20BB400EE61B1 /* CameraManager.swift in Sources */ = {isa = PBXBuildFile; fileRef = 478AEA752BF20BB300EE61B1 /* CameraManager.swift */; };
		478AEA782BF20D7F00EE61B1 /* CameraViewModel.swift in Sources */ = {isa = PBXBuildFile; fileRef = 478AEA772BF20D7F00EE61B1 /* CameraViewModel.swift */; };
		478AEA7A2BF21C8B00EE61B1 /* LabeledImageStorage.swift in Sources */ = {isa = PBXBuildFile; fileRef = 478AEA792BF21C8B00EE61B1 /* LabeledImageStorage.swift */; };
/* End PBXBuildFile section */

/* Begin PBXContainerItemProxy section */
		478AEA512BF2071800EE61B1 /* PBXContainerItemProxy */ = {
			isa = PBXContainerItemProxy;
			containerPortal = 478AEA382BF2071400EE61B1 /* Project object */;
			proxyType = 1;
			remoteGlobalIDString = 478AEA3F2BF2071400EE61B1;
			remoteInfo = "best-dish-app";
		};
		478AEA5B2BF2071800EE61B1 /* PBXContainerItemProxy */ = {
			isa = PBXContainerItemProxy;
			containerPortal = 478AEA382BF2071400EE61B1 /* Project object */;
			proxyType = 1;
			remoteGlobalIDString = 478AEA3F2BF2071400EE61B1;
			remoteInfo = "best-dish-app";
		};
/* End PBXContainerItemProxy section */

/* Begin PBXFileReference section */
		478AEA402BF2071400EE61B1 /* best-dish-app.app */ = {isa = PBXFileReference; explicitFileType = wrapper.application; includeInIndex = 0; path = "best-dish-app.app"; sourceTree = BUILT_PRODUCTS_DIR; };
		478AEA432BF2071400EE61B1 /* best_dish_appApp.swift */ = {isa = PBXFileReference; lastKnownFileType = sourcecode.swift; path = best_dish_appApp.swift; sourceTree = "<group>"; };
		478AEA472BF2071700EE61B1 /* Assets.xcassets */ = {isa = PBXFileReference; lastKnownFileType = folder.assetcatalog; path = Assets.xcassets; sourceTree = "<group>"; };
		478AEA4A2BF2071700EE61B1 /* Preview Assets.xcassets */ = {isa = PBXFileReference; lastKnownFileType = folder.assetcatalog; path = "Preview Assets.xcassets"; sourceTree = "<group>"; };
		478AEA502BF2071800EE61B1 /* best-dish-appTests.xctest */ = {isa = PBXFileReference; explicitFileType = wrapper.cfbundle; includeInIndex = 0; path = "best-dish-appTests.xctest"; sourceTree = BUILT_PRODUCTS_DIR; };
		478AEA542BF2071800EE61B1 /* best_dish_appTests.swift */ = {isa = PBXFileReference; lastKnownFileType = sourcecode.swift; path = best_dish_appTests.swift; sourceTree = "<group>"; };
		478AEA5A2BF2071800EE61B1 /* best-dish-appUITests.xctest */ = {isa = PBXFileReference; explicitFileType = wrapper.cfbundle; includeInIndex = 0; path = "best-dish-appUITests.xctest"; sourceTree = BUILT_PRODUCTS_DIR; };
		478AEA5E2BF2071800EE61B1 /* best_dish_appUITests.swift */ = {isa = PBXFileReference; lastKnownFileType = sourcecode.swift; path = best_dish_appUITests.swift; sourceTree = "<group>"; };
		478AEA602BF2071800EE61B1 /* best_dish_appUITestsLaunchTests.swift */ = {isa = PBXFileReference; lastKnownFileType = sourcecode.swift; path = best_dish_appUITestsLaunchTests.swift; sourceTree = "<group>"; };
		478AEA6D2BF2073200EE61B1 /* CameraView.swift */ = {isa = PBXFileReference; lastKnownFileType = sourcecode.swift; path = CameraView.swift; sourceTree = "<group>"; };
		478AEA712BF207B700EE61B1 /* NearbyDishesView.swift */ = {isa = PBXFileReference; lastKnownFileType = sourcecode.swift; path = NearbyDishesView.swift; sourceTree = "<group>"; };
		478AEA732BF20B7400EE61B1 /* CameraPreview.swift */ = {isa = PBXFileReference; lastKnownFileType = sourcecode.swift; path = CameraPreview.swift; sourceTree = "<group>"; };
		478AEA752BF20BB300EE61B1 /* CameraManager.swift */ = {isa = PBXFileReference; lastKnownFileType = sourcecode.swift; path = CameraManager.swift; sourceTree = "<group>"; };
		478AEA772BF20D7F00EE61B1 /* CameraViewModel.swift */ = {isa = PBXFileReference; lastKnownFileType = sourcecode.swift; path = CameraViewModel.swift; sourceTree = "<group>"; };
		478AEA792BF21C8B00EE61B1 /* LabeledImageStorage.swift */ = {isa = PBXFileReference; lastKnownFileType = sourcecode.swift; path = LabeledImageStorage.swift; sourceTree = "<group>"; };
/* End PBXFileReference section */

/* Begin PBXFrameworksBuildPhase section */
		478AEA3D2BF2071400EE61B1 /* Frameworks */ = {
			isa = PBXFrameworksBuildPhase;
			buildActionMask = 2147483647;
			files = (
			);
			runOnlyForDeploymentPostprocessing = 0;
		};
		478AEA4D2BF2071800EE61B1 /* Frameworks */ = {
			isa = PBXFrameworksBuildPhase;
			buildActionMask = 2147483647;
			files = (
			);
			runOnlyForDeploymentPostprocessing = 0;
		};
		478AEA572BF2071800EE61B1 /* Frameworks */ = {
			isa = PBXFrameworksBuildPhase;
			buildActionMask = 2147483647;
			files = (
			);
			runOnlyForDeploymentPostprocessing = 0;
		};
/* End PBXFrameworksBuildPhase section */

/* Begin PBXGroup section */
		478AEA372BF2071400EE61B1 = {
			isa = PBXGroup;
			children = (
				478AEA422BF2071400EE61B1 /* best-dish-app */,
				478AEA532BF2071800EE61B1 /* best-dish-appTests */,
				478AEA5D2BF2071800EE61B1 /* best-dish-appUITests */,
				478AEA412BF2071400EE61B1 /* Products */,
			);
			sourceTree = "<group>";
		};
		478AEA412BF2071400EE61B1 /* Products */ = {
			isa = PBXGroup;
			children = (
				478AEA402BF2071400EE61B1 /* best-dish-app.app */,
				478AEA502BF2071800EE61B1 /* best-dish-appTests.xctest */,
				478AEA5A2BF2071800EE61B1 /* best-dish-appUITests.xctest */,
			);
			name = Products;
			sourceTree = "<group>";
		};
		478AEA422BF2071400EE61B1 /* best-dish-app */ = {
			isa = PBXGroup;
			children = (
				478AEA792BF21C8B00EE61B1 /* LabeledImageStorage.swift */,
				478AEA772BF20D7F00EE61B1 /* CameraViewModel.swift */,
				478AEA432BF2071400EE61B1 /* best_dish_appApp.swift */,
				478AEA472BF2071700EE61B1 /* Assets.xcassets */,
				478AEA492BF2071700EE61B1 /* Preview Content */,
				478AEA6D2BF2073200EE61B1 /* CameraView.swift */,
				478AEA712BF207B700EE61B1 /* NearbyDishesView.swift */,
				478AEA732BF20B7400EE61B1 /* CameraPreview.swift */,
				478AEA752BF20BB300EE61B1 /* CameraManager.swift */,
			);
			path = "best-dish-app";
			sourceTree = "<group>";
		};
		478AEA492BF2071700EE61B1 /* Preview Content */ = {
			isa = PBXGroup;
			children = (
				478AEA4A2BF2071700EE61B1 /* Preview Assets.xcassets */,
			);
			path = "Preview Content";
			sourceTree = "<group>";
		};
		478AEA532BF2071800EE61B1 /* best-dish-appTests */ = {
			isa = PBXGroup;
			children = (
				478AEA542BF2071800EE61B1 /* best_dish_appTests.swift */,
			);
			path = "best-dish-appTests";
			sourceTree = "<group>";
		};
		478AEA5D2BF2071800EE61B1 /* best-dish-appUITests */ = {
			isa = PBXGroup;
			children = (
				478AEA5E2BF2071800EE61B1 /* best_dish_appUITests.swift */,
				478AEA602BF2071800EE61B1 /* best_dish_appUITestsLaunchTests.swift */,
			);
			path = "best-dish-appUITests";
			sourceTree = "<group>";
		};
/* End PBXGroup section */

/* Begin PBXNativeTarget section */
		478AEA3F2BF2071400EE61B1 /* best-dish-app */ = {
			isa = PBXNativeTarget;
			buildConfigurationList = 478AEA642BF2071800EE61B1 /* Build configuration list for PBXNativeTarget "best-dish-app" */;
			buildPhases = (
				478AEA3C2BF2071400EE61B1 /* Sources */,
				478AEA3D2BF2071400EE61B1 /* Frameworks */,
				478AEA3E2BF2071400EE61B1 /* Resources */,
			);
			buildRules = (
			);
			dependencies = (
			);
			name = "best-dish-app";
			productName = "best-dish-app";
			productReference = 478AEA402BF2071400EE61B1 /* best-dish-app.app */;
			productType = "com.apple.product-type.application";
		};
		478AEA4F2BF2071800EE61B1 /* best-dish-appTests */ = {
			isa = PBXNativeTarget;
			buildConfigurationList = 478AEA672BF2071800EE61B1 /* Build configuration list for PBXNativeTarget "best-dish-appTests" */;
			buildPhases = (
				478AEA4C2BF2071800EE61B1 /* Sources */,
				478AEA4D2BF2071800EE61B1 /* Frameworks */,
				478AEA4E2BF2071800EE61B1 /* Resources */,
			);
			buildRules = (
			);
			dependencies = (
				478AEA522BF2071800EE61B1 /* PBXTargetDependency */,
			);
			name = "best-dish-appTests";
			productName = "best-dish-appTests";
			productReference = 478AEA502BF2071800EE61B1 /* best-dish-appTests.xctest */;
			productType = "com.apple.product-type.bundle.unit-test";
		};
		478AEA592BF2071800EE61B1 /* best-dish-appUITests */ = {
			isa = PBXNativeTarget;
			buildConfigurationList = 478AEA6A2BF2071800EE61B1 /* Build configuration list for PBXNativeTarget "best-dish-appUITests" */;
			buildPhases = (
				478AEA562BF2071800EE61B1 /* Sources */,
				478AEA572BF2071800EE61B1 /* Frameworks */,
				478AEA582BF2071800EE61B1 /* Resources */,
			);
			buildRules = (
			);
			dependencies = (
				478AEA5C2BF2071800EE61B1 /* PBXTargetDependency */,
			);
			name = "best-dish-appUITests";
			productName = "best-dish-appUITests";
			productReference = 478AEA5A2BF2071800EE61B1 /* best-dish-appUITests.xctest */;
			productType = "com.apple.product-type.bundle.ui-testing";
		};
/* End PBXNativeTarget section */

/* Begin PBXProject section */
		478AEA382BF2071400EE61B1 /* Project object */ = {
			isa = PBXProject;
			attributes = {
				BuildIndependentTargetsInParallel = 1;
				LastSwiftUpdateCheck = 1530;
				LastUpgradeCheck = 1530;
				TargetAttributes = {
					478AEA3F2BF2071400EE61B1 = {
						CreatedOnToolsVersion = 15.3;
					};
					478AEA4F2BF2071800EE61B1 = {
						CreatedOnToolsVersion = 15.3;
						TestTargetID = 478AEA3F2BF2071400EE61B1;
					};
					478AEA592BF2071800EE61B1 = {
						CreatedOnToolsVersion = 15.3;
						TestTargetID = 478AEA3F2BF2071400EE61B1;
					};
				};
			};
			buildConfigurationList = 478AEA3B2BF2071400EE61B1 /* Build configuration list for PBXProject "best-dish-app" */;
			compatibilityVersion = "Xcode 14.0";
			developmentRegion = en;
			hasScannedForEncodings = 0;
			knownRegions = (
				en,
				Base,
			);
			mainGroup = 478AEA372BF2071400EE61B1;
			productRefGroup = 478AEA412BF2071400EE61B1 /* Products */;
			projectDirPath = "";
			projectRoot = "";
			targets = (
				478AEA3F2BF2071400EE61B1 /* best-dish-app */,
				478AEA4F2BF2071800EE61B1 /* best-dish-appTests */,
				478AEA592BF2071800EE61B1 /* best-dish-appUITests */,
			);
		};
/* End PBXProject section */

/* Begin PBXResourcesBuildPhase section */
		478AEA3E2BF2071400EE61B1 /* Resources */ = {
			isa = PBXResourcesBuildPhase;
			buildActionMask = 2147483647;
			files = (
				478AEA4B2BF2071700EE61B1 /* Preview Assets.xcassets in Resources */,
				478AEA482BF2071700EE61B1 /* Assets.xcassets in Resources */,
			);
			runOnlyForDeploymentPostprocessing = 0;
		};
		478AEA4E2BF2071800EE61B1 /* Resources */ = {
			isa = PBXResourcesBuildPhase;
			buildActionMask = 2147483647;
			files = (
			);
			runOnlyForDeploymentPostprocessing = 0;
		};
		478AEA582BF2071800EE61B1 /* Resources */ = {
			isa = PBXResourcesBuildPhase;
			buildActionMask = 2147483647;
			files = (
			);
			runOnlyForDeploymentPostprocessing = 0;
		};
/* End PBXResourcesBuildPhase section */

/* Begin PBXSourcesBuildPhase section */
		478AEA3C2BF2071400EE61B1 /* Sources */ = {
			isa = PBXSourcesBuildPhase;
			buildActionMask = 2147483647;
			files = (
				478AEA742BF20B7400EE61B1 /* CameraPreview.swift in Sources */,
				478AEA722BF207B700EE61B1 /* NearbyDishesView.swift in Sources */,
				478AEA6E2BF2073200EE61B1 /* CameraView.swift in Sources */,
				478AEA782BF20D7F00EE61B1 /* CameraViewModel.swift in Sources */,
				478AEA762BF20BB400EE61B1 /* CameraManager.swift in Sources */,
				478AEA442BF2071400EE61B1 /* best_dish_appApp.swift in Sources */,
				478AEA7A2BF21C8B00EE61B1 /* LabeledImageStorage.swift in Sources */,
			);
			runOnlyForDeploymentPostprocessing = 0;
		};
		478AEA4C2BF2071800EE61B1 /* Sources */ = {
			isa = PBXSourcesBuildPhase;
			buildActionMask = 2147483647;
			files = (
				478AEA552BF2071800EE61B1 /* best_dish_appTests.swift in Sources */,
			);
			runOnlyForDeploymentPostprocessing = 0;
		};
		478AEA562BF2071800EE61B1 /* Sources */ = {
			isa = PBXSourcesBuildPhase;
			buildActionMask = 2147483647;
			files = (
				478AEA612BF2071800EE61B1 /* best_dish_appUITestsLaunchTests.swift in Sources */,
				478AEA5F2BF2071800EE61B1 /* best_dish_appUITests.swift in Sources */,
			);
			runOnlyForDeploymentPostprocessing = 0;
		};
/* End PBXSourcesBuildPhase section */

/* Begin PBXTargetDependency section */
		478AEA522BF2071800EE61B1 /* PBXTargetDependency */ = {
			isa = PBXTargetDependency;
			target = 478AEA3F2BF2071400EE61B1 /* best-dish-app */;
			targetProxy = 478AEA512BF2071800EE61B1 /* PBXContainerItemProxy */;
		};
		478AEA5C2BF2071800EE61B1 /* PBXTargetDependency */ = {
			isa = PBXTargetDependency;
			target = 478AEA3F2BF2071400EE61B1 /* best-dish-app */;
			targetProxy = 478AEA5B2BF2071800EE61B1 /* PBXContainerItemProxy */;
		};
/* End PBXTargetDependency section */

/* Begin XCBuildConfiguration section */
		478AEA622BF2071800EE61B1 /* Debug */ = {
			isa = XCBuildConfiguration;
			buildSettings = {
				ALWAYS_SEARCH_USER_PATHS = NO;
				ASSETCATALOG_COMPILER_GENERATE_SWIFT_ASSET_SYMBOL_EXTENSIONS = YES;
				CLANG_ANALYZER_NONNULL = YES;
				CLANG_ANALYZER_NUMBER_OBJECT_CONVERSION = YES_AGGRESSIVE;
				CLANG_CXX_LANGUAGE_STANDARD = "gnu++20";
				CLANG_ENABLE_MODULES = YES;
				CLANG_ENABLE_OBJC_ARC = YES;
				CLANG_ENABLE_OBJC_WEAK = YES;
				CLANG_WARN_BLOCK_CAPTURE_AUTORELEASING = YES;
				CLANG_WARN_BOOL_CONVERSION = YES;
				CLANG_WARN_COMMA = YES;
				CLANG_WARN_CONSTANT_CONVERSION = YES;
				CLANG_WARN_DEPRECATED_OBJC_IMPLEMENTATIONS = YES;
				CLANG_WARN_DIRECT_OBJC_ISA_USAGE = YES_ERROR;
				CLANG_WARN_DOCUMENTATION_COMMENTS = YES;
				CLANG_WARN_EMPTY_BODY = YES;
				CLANG_WARN_ENUM_CONVERSION = YES;
				CLANG_WARN_INFINITE_RECURSION = YES;
				CLANG_WARN_INT_CONVERSION = YES;
				CLANG_WARN_NON_LITERAL_NULL_CONVERSION = YES;
				CLANG_WARN_OBJC_IMPLICIT_RETAIN_SELF = YES;
				CLANG_WARN_OBJC_LITERAL_CONVERSION = YES;
				CLANG_WARN_OBJC_ROOT_CLASS = YES_ERROR;
				CLANG_WARN_QUOTED_INCLUDE_IN_FRAMEWORK_HEADER = YES;
				CLANG_WARN_RANGE_LOOP_ANALYSIS = YES;
				CLANG_WARN_STRICT_PROTOTYPES = YES;
				CLANG_WARN_SUSPICIOUS_MOVE = YES;
				CLANG_WARN_UNGUARDED_AVAILABILITY = YES_AGGRESSIVE;
				CLANG_WARN_UNREACHABLE_CODE = YES;
				CLANG_WARN__DUPLICATE_METHOD_MATCH = YES;
				COPY_PHASE_STRIP = NO;
				DEBUG_INFORMATION_FORMAT = dwarf;
				ENABLE_STRICT_OBJC_MSGSEND = YES;
				ENABLE_TESTABILITY = YES;
				ENABLE_USER_SCRIPT_SANDBOXING = YES;
				GCC_C_LANGUAGE_STANDARD = gnu17;
				GCC_DYNAMIC_NO_PIC = NO;
				GCC_NO_COMMON_BLOCKS = YES;
				GCC_OPTIMIZATION_LEVEL = 0;
				GCC_PREPROCESSOR_DEFINITIONS = (
					"DEBUG=1",
					"$(inherited)",
				);
				GCC_WARN_64_TO_32_BIT_CONVERSION = YES;
				GCC_WARN_ABOUT_RETURN_TYPE = YES_ERROR;
				GCC_WARN_UNDECLARED_SELECTOR = YES;
				GCC_WARN_UNINITIALIZED_AUTOS = YES_AGGRESSIVE;
				GCC_WARN_UNUSED_FUNCTION = YES;
				GCC_WARN_UNUSED_VARIABLE = YES;
				IPHONEOS_DEPLOYMENT_TARGET = 17.4;
				LOCALIZATION_PREFERS_STRING_CATALOGS = YES;
				MTL_ENABLE_DEBUG_INFO = INCLUDE_SOURCE;
				MTL_FAST_MATH = YES;
				ONLY_ACTIVE_ARCH = YES;
				SDKROOT = iphoneos;
				SWIFT_ACTIVE_COMPILATION_CONDITIONS = "DEBUG $(inherited)";
				SWIFT_OPTIMIZATION_LEVEL = "-Onone";
			};
			name = Debug;
		};
		478AEA632BF2071800EE61B1 /* Release */ = {
			isa = XCBuildConfiguration;
			buildSettings = {
				ALWAYS_SEARCH_USER_PATHS = NO;
				ASSETCATALOG_COMPILER_GENERATE_SWIFT_ASSET_SYMBOL_EXTENSIONS = YES;
				CLANG_ANALYZER_NONNULL = YES;
				CLANG_ANALYZER_NUMBER_OBJECT_CONVERSION = YES_AGGRESSIVE;
				CLANG_CXX_LANGUAGE_STANDARD = "gnu++20";
				CLANG_ENABLE_MODULES = YES;
				CLANG_ENABLE_OBJC_ARC = YES;
				CLANG_ENABLE_OBJC_WEAK = YES;
				CLANG_WARN_BLOCK_CAPTURE_AUTORELEASING = YES;
				CLANG_WARN_BOOL_CONVERSION = YES;
				CLANG_WARN_COMMA = YES;
				CLANG_WARN_CONSTANT_CONVERSION = YES;
				CLANG_WARN_DEPRECATED_OBJC_IMPLEMENTATIONS = YES;
				CLANG_WARN_DIRECT_OBJC_ISA_USAGE = YES_ERROR;
				CLANG_WARN_DOCUMENTATION_COMMENTS = YES;
				CLANG_WARN_EMPTY_BODY = YES;
				CLANG_WARN_ENUM_CONVERSION = YES;
				CLANG_WARN_INFINITE_RECURSION = YES;
				CLANG_WARN_INT_CONVERSION = YES;
				CLANG_WARN_NON_LITERAL_NULL_CONVERSION = YES;
				CLANG_WARN_OBJC_IMPLICIT_RETAIN_SELF = YES;
				CLANG_WARN_OBJC_LITERAL_CONVERSION = YES;
				CLANG_WARN_OBJC_ROOT_CLASS = YES_ERROR;
				CLANG_WARN_QUOTED_INCLUDE_IN_FRAMEWORK_HEADER = YES;
				CLANG_WARN_RANGE_LOOP_ANALYSIS = YES;
				CLANG_WARN_STRICT_PROTOTYPES = YES;
				CLANG_WARN_SUSPICIOUS_MOVE = YES;
				CLANG_WARN_UNGUARDED_AVAILABILITY = YES_AGGRESSIVE;
				CLANG_WARN_UNREACHABLE_CODE = YES;
				CLANG_WARN__DUPLICATE_METHOD_MATCH = YES;
				COPY_PHASE_STRIP = NO;
				DEBUG_INFORMATION_FORMAT = "dwarf-with-dsym";
				ENABLE_NS_ASSERTIONS = NO;
				ENABLE_STRICT_OBJC_MSGSEND = YES;
				ENABLE_USER_SCRIPT_SANDBOXING = YES;
				GCC_C_LANGUAGE_STANDARD = gnu17;
				GCC_NO_COMMON_BLOCKS = YES;
				GCC_WARN_64_TO_32_BIT_CONVERSION = YES;
				GCC_WARN_ABOUT_RETURN_TYPE = YES_ERROR;
				GCC_WARN_UNDECLARED_SELECTOR = YES;
				GCC_WARN_UNINITIALIZED_AUTOS = YES_AGGRESSIVE;
				GCC_WARN_UNUSED_FUNCTION = YES;
				GCC_WARN_UNUSED_VARIABLE = YES;
				IPHONEOS_DEPLOYMENT_TARGET = 17.4;
				LOCALIZATION_PREFERS_STRING_CATALOGS = YES;
				MTL_ENABLE_DEBUG_INFO = NO;
				MTL_FAST_MATH = YES;
				SDKROOT = iphoneos;
				SWIFT_COMPILATION_MODE = wholemodule;
				VALIDATE_PRODUCT = YES;
			};
			name = Release;
		};
		478AEA652BF2071800EE61B1 /* Debug */ = {
			isa = XCBuildConfiguration;
			buildSettings = {
				ASSETCATALOG_COMPILER_APPICON_NAME = AppIcon;
				ASSETCATALOG_COMPILER_GLOBAL_ACCENT_COLOR_NAME = AccentColor;
				CODE_SIGN_STYLE = Automatic;
				CURRENT_PROJECT_VERSION = 1;
				DEVELOPMENT_ASSET_PATHS = "\"best-dish-app/Preview Content\"";
				DEVELOPMENT_TEAM = N336C927R4;
				ENABLE_PREVIEWS = YES;
				GENERATE_INFOPLIST_FILE = YES;
				INFOPLIST_KEY_NSCameraUsageDescription = "$(PRODUCT_NAME) Need camera access to capture photos of delicious meals.";
				INFOPLIST_KEY_NSPhotoLibraryUsageDescription = "$(PRODUCT_NAME) needs to save captured photos.";
				INFOPLIST_KEY_UIApplicationSceneManifest_Generation = YES;
				INFOPLIST_KEY_UIApplicationSupportsIndirectInputEvents = YES;
				INFOPLIST_KEY_UILaunchScreen_Generation = YES;
				INFOPLIST_KEY_UISupportedInterfaceOrientations_iPad = "UIInterfaceOrientationPortrait UIInterfaceOrientationPortraitUpsideDown UIInterfaceOrientationLandscapeLeft UIInterfaceOrientationLandscapeRight";
				INFOPLIST_KEY_UISupportedInterfaceOrientations_iPhone = "UIInterfaceOrientationPortrait UIInterfaceOrientationLandscapeLeft UIInterfaceOrientationLandscapeRight";
				LD_RUNPATH_SEARCH_PATHS = (
					"$(inherited)",
					"@executable_path/Frameworks",
				);
				MARKETING_VERSION = 1.0;
				PRODUCT_BUNDLE_IDENTIFIER = "jazzbar.best-dish-app";
				PRODUCT_NAME = "$(TARGET_NAME)";
				SWIFT_EMIT_LOC_STRINGS = YES;
				SWIFT_VERSION = 5.0;
				TARGETED_DEVICE_FAMILY = "1,2";
			};
			name = Debug;
		};
		478AEA662BF2071800EE61B1 /* Release */ = {
			isa = XCBuildConfiguration;
			buildSettings = {
				ASSETCATALOG_COMPILER_APPICON_NAME = AppIcon;
				ASSETCATALOG_COMPILER_GLOBAL_ACCENT_COLOR_NAME = AccentColor;
				CODE_SIGN_STYLE = Automatic;
				CURRENT_PROJECT_VERSION = 1;
				DEVELOPMENT_ASSET_PATHS = "\"best-dish-app/Preview Content\"";
				DEVELOPMENT_TEAM = N336C927R4;
				ENABLE_PREVIEWS = YES;
				GENERATE_INFOPLIST_FILE = YES;
				INFOPLIST_KEY_NSCameraUsageDescription = "$(PRODUCT_NAME) Need camera access to capture photos of delicious meals.";
				INFOPLIST_KEY_NSPhotoLibraryUsageDescription = "$(PRODUCT_NAME) needs to save captured photos.";
				INFOPLIST_KEY_UIApplicationSceneManifest_Generation = YES;
				INFOPLIST_KEY_UIApplicationSupportsIndirectInputEvents = YES;
				INFOPLIST_KEY_UILaunchScreen_Generation = YES;
				INFOPLIST_KEY_UISupportedInterfaceOrientations_iPad = "UIInterfaceOrientationPortrait UIInterfaceOrientationPortraitUpsideDown UIInterfaceOrientationLandscapeLeft UIInterfaceOrientationLandscapeRight";
				INFOPLIST_KEY_UISupportedInterfaceOrientations_iPhone = "UIInterfaceOrientationPortrait UIInterfaceOrientationLandscapeLeft UIInterfaceOrientationLandscapeRight";
				LD_RUNPATH_SEARCH_PATHS = (
					"$(inherited)",
					"@executable_path/Frameworks",
				);
				MARKETING_VERSION = 1.0;
				PRODUCT_BUNDLE_IDENTIFIER = "jazzbar.best-dish-app";
				PRODUCT_NAME = "$(TARGET_NAME)";
				SWIFT_EMIT_LOC_STRINGS = YES;
				SWIFT_VERSION = 5.0;
				TARGETED_DEVICE_FAMILY = "1,2";
			};
			name = Release;
		};
		478AEA682BF2071800EE61B1 /* Debug */ = {
			isa = XCBuildConfiguration;
			buildSettings = {
				ALWAYS_EMBED_SWIFT_STANDARD_LIBRARIES = YES;
				BUNDLE_LOADER = "$(TEST_HOST)";
				CODE_SIGN_STYLE = Automatic;
				CURRENT_PROJECT_VERSION = 1;
				DEVELOPMENT_TEAM = N336C927R4;
				GENERATE_INFOPLIST_FILE = YES;
				IPHONEOS_DEPLOYMENT_TARGET = 17.4;
				MARKETING_VERSION = 1.0;
				PRODUCT_BUNDLE_IDENTIFIER = "jazzbar.best-dish-appTests";
				PRODUCT_NAME = "$(TARGET_NAME)";
				SWIFT_EMIT_LOC_STRINGS = NO;
				SWIFT_VERSION = 5.0;
				TARGETED_DEVICE_FAMILY = "1,2";
				TEST_HOST = "$(BUILT_PRODUCTS_DIR)/best-dish-app.app/$(BUNDLE_EXECUTABLE_FOLDER_PATH)/best-dish-app";
			};
			name = Debug;
		};
		478AEA692BF2071800EE61B1 /* Release */ = {
			isa = XCBuildConfiguration;
			buildSettings = {
				ALWAYS_EMBED_SWIFT_STANDARD_LIBRARIES = YES;
				BUNDLE_LOADER = "$(TEST_HOST)";
				CODE_SIGN_STYLE = Automatic;
				CURRENT_PROJECT_VERSION = 1;
				DEVELOPMENT_TEAM = N336C927R4;
				GENERATE_INFOPLIST_FILE = YES;
				IPHONEOS_DEPLOYMENT_TARGET = 17.4;
				MARKETING_VERSION = 1.0;
				PRODUCT_BUNDLE_IDENTIFIER = "jazzbar.best-dish-appTests";
				PRODUCT_NAME = "$(TARGET_NAME)";
				SWIFT_EMIT_LOC_STRINGS = NO;
				SWIFT_VERSION = 5.0;
				TARGETED_DEVICE_FAMILY = "1,2";
				TEST_HOST = "$(BUILT_PRODUCTS_DIR)/best-dish-app.app/$(BUNDLE_EXECUTABLE_FOLDER_PATH)/best-dish-app";
			};
			name = Release;
		};
		478AEA6B2BF2071800EE61B1 /* Debug */ = {
			isa = XCBuildConfiguration;
			buildSettings = {
				ALWAYS_EMBED_SWIFT_STANDARD_LIBRARIES = YES;
				CODE_SIGN_STYLE = Automatic;
				CURRENT_PROJECT_VERSION = 1;
				DEVELOPMENT_TEAM = N336C927R4;
				GENERATE_INFOPLIST_FILE = YES;
				MARKETING_VERSION = 1.0;
				PRODUCT_BUNDLE_IDENTIFIER = "jazzbar.best-dish-appUITests";
				PRODUCT_NAME = "$(TARGET_NAME)";
				SWIFT_EMIT_LOC_STRINGS = NO;
				SWIFT_VERSION = 5.0;
				TARGETED_DEVICE_FAMILY = "1,2";
				TEST_TARGET_NAME = "best-dish-app";
			};
			name = Debug;
		};
		478AEA6C2BF2071800EE61B1 /* Release */ = {
			isa = XCBuildConfiguration;
			buildSettings = {
				ALWAYS_EMBED_SWIFT_STANDARD_LIBRARIES = YES;
				CODE_SIGN_STYLE = Automatic;
				CURRENT_PROJECT_VERSION = 1;
				DEVELOPMENT_TEAM = N336C927R4;
				GENERATE_INFOPLIST_FILE = YES;
				MARKETING_VERSION = 1.0;
				PRODUCT_BUNDLE_IDENTIFIER = "jazzbar.best-dish-appUITests";
				PRODUCT_NAME = "$(TARGET_NAME)";
				SWIFT_EMIT_LOC_STRINGS = NO;
				SWIFT_VERSION = 5.0;
				TARGETED_DEVICE_FAMILY = "1,2";
				TEST_TARGET_NAME = "best-dish-app";
			};
			name = Release;
		};
/* End XCBuildConfiguration section */

/* Begin XCConfigurationList section */
		478AEA3B2BF2071400EE61B1 /* Build configuration list for PBXProject "best-dish-app" */ = {
			isa = XCConfigurationList;
			buildConfigurations = (
				478AEA622BF2071800EE61B1 /* Debug */,
				478AEA632BF2071800EE61B1 /* Release */,
			);
			defaultConfigurationIsVisible = 0;
			defaultConfigurationName = Release;
		};
		478AEA642BF2071800EE61B1 /* Build configuration list for PBXNativeTarget "best-dish-app" */ = {
			isa = XCConfigurationList;
			buildConfigurations = (
				478AEA652BF2071800EE61B1 /* Debug */,
				478AEA662BF2071800EE61B1 /* Release */,
			);
			defaultConfigurationIsVisible = 0;
			defaultConfigurationName = Release;
		};
		478AEA672BF2071800EE61B1 /* Build configuration list for PBXNativeTarget "best-dish-appTests" */ = {
			isa = XCConfigurationList;
			buildConfigurations = (
				478AEA682BF2071800EE61B1 /* Debug */,
				478AEA692BF2071800EE61B1 /* Release */,
			);
			defaultConfigurationIsVisible = 0;
			defaultConfigurationName = Release;
		};
		478AEA6A2BF2071800EE61B1 /* Build configuration list for PBXNativeTarget "best-dish-appUITests" */ = {
			isa = XCConfigurationList;
			buildConfigurations = (
				478AEA6B2BF2071800EE61B1 /* Debug */,
				478AEA6C2BF2071800EE61B1 /* Release */,
			);
			defaultConfigurationIsVisible = 0;
			defaultConfigurationName = Release;
		};
/* End XCConfigurationList section */
	};
	rootObject = 478AEA382BF2071400EE61B1 /* Project object */;
}
